// !$*UTF8*$!
{
	archiveVersion = 1;
	classes = {
	};
	objectVersion = 55;
	objects = {

/* Begin PBXBuildFile section */
		C50496F32821133000B7CDA5 /* hikeData.json in Resources */ = {isa = PBXBuildFile; fileRef = C50496F22821133000B7CDA5 /* hikeData.json */; };
		C50496F52821158B00B7CDA5 /* Hike.swift in Sources */ = {isa = PBXBuildFile; fileRef = C50496F42821158B00B7CDA5 /* Hike.swift */; };
		C53F14F0281BE57E00DA7F07 /* LandmarksApp.swift in Sources */ = {isa = PBXBuildFile; fileRef = C53F14EF281BE57E00DA7F07 /* LandmarksApp.swift */; };
		C53F14F2281BE57E00DA7F07 /* ContentView.swift in Sources */ = {isa = PBXBuildFile; fileRef = C53F14F1281BE57E00DA7F07 /* ContentView.swift */; };
		C53F14F4281BE57F00DA7F07 /* Assets.xcassets in Resources */ = {isa = PBXBuildFile; fileRef = C53F14F3281BE57F00DA7F07 /* Assets.xcassets */; };
		C53F14F7281BE57F00DA7F07 /* Preview Assets.xcassets in Resources */ = {isa = PBXBuildFile; fileRef = C53F14F6281BE57F00DA7F07 /* Preview Assets.xcassets */; };
		C53F14FF281BEAF400DA7F07 /* CircleImage.swift in Sources */ = {isa = PBXBuildFile; fileRef = C53F14FE281BEAF400DA7F07 /* CircleImage.swift */; };
		C53F1501281BEE5D00DA7F07 /* MapView.swift in Sources */ = {isa = PBXBuildFile; fileRef = C53F1500281BEE5D00DA7F07 /* MapView.swift */; };
		C53F1505281C4B8100DA7F07 /* landmarkData.json in Resources */ = {isa = PBXBuildFile; fileRef = C53F1504281C4B8100DA7F07 /* landmarkData.json */; };
		C53F1507281C4BC900DA7F07 /* Landmark.swift in Sources */ = {isa = PBXBuildFile; fileRef = C53F1506281C4BC900DA7F07 /* Landmark.swift */; };
		C53F1509281C515600DA7F07 /* ModelData.swift in Sources */ = {isa = PBXBuildFile; fileRef = C53F1508281C515600DA7F07 /* ModelData.swift */; };
		C53F150C281D131100DA7F07 /* LandmarkRow.swift in Sources */ = {isa = PBXBuildFile; fileRef = C53F150B281D131100DA7F07 /* LandmarkRow.swift */; };
		C53F150E281D173E00DA7F07 /* LandmarkList.swift in Sources */ = {isa = PBXBuildFile; fileRef = C53F150D281D173E00DA7F07 /* LandmarkList.swift */; };
		C53F1510281D1A5500DA7F07 /* LandmarkDetailView.swift in Sources */ = {isa = PBXBuildFile; fileRef = C53F150F281D1A5500DA7F07 /* LandmarkDetailView.swift */; };
		C590A3D62822645400F0D9FC /* CategoryHomeView.swift in Sources */ = {isa = PBXBuildFile; fileRef = C590A3D52822645400F0D9FC /* CategoryHomeView.swift */; };
		C590A3D82822666700F0D9FC /* Category.swift in Sources */ = {isa = PBXBuildFile; fileRef = C590A3D72822666700F0D9FC /* Category.swift */; };
		C5AD7564281FCAFD00EBD212 /* BadgeSymbol.swift in Sources */ = {isa = PBXBuildFile; fileRef = C5AD7563281FCAFD00EBD212 /* BadgeSymbol.swift */; };
		C5AD7566281FCDA600EBD212 /* RotatedBadgeSymbol.swift in Sources */ = {isa = PBXBuildFile; fileRef = C5AD7565281FCDA600EBD212 /* RotatedBadgeSymbol.swift */; };
		C5AD7568281FCFC200EBD212 /* Badge.swift in Sources */ = {isa = PBXBuildFile; fileRef = C5AD7567281FCFC200EBD212 /* Badge.swift */; };
		C5B0390E281D6A1000796DB5 /* FavoriteButton.swift in Sources */ = {isa = PBXBuildFile; fileRef = C5B0390D281D6A1000796DB5 /* FavoriteButton.swift */; };
		C5B03944281E843100796DB5 /* HexagonParameters.swift in Sources */ = {isa = PBXBuildFile; fileRef = C5B03943281E843100796DB5 /* HexagonParameters.swift */; };
		C5B03947281E854500796DB5 /* HexagonParameters+Segment.swift in Sources */ = {isa = PBXBuildFile; fileRef = C5B03946281E854500796DB5 /* HexagonParameters+Segment.swift */; };
		C5B03949281E8CE300796DB5 /* BadgeBackground.swift in Sources */ = {isa = PBXBuildFile; fileRef = C5B03948281E8CE300796DB5 /* BadgeBackground.swift */; };
		C5C1F9C728211A7B00F83E0B /* Hike+Observation.swift in Sources */ = {isa = PBXBuildFile; fileRef = C5C1F9C628211A7B00F83E0B /* Hike+Observation.swift */; };
		C5C1F9CD28211BB300F83E0B /* GraphCapsule.swift in Sources */ = {isa = PBXBuildFile; fileRef = C5C1F9C928211BB300F83E0B /* GraphCapsule.swift */; };
		C5C1F9CE28211BB300F83E0B /* HikeGraph.swift in Sources */ = {isa = PBXBuildFile; fileRef = C5C1F9CA28211BB300F83E0B /* HikeGraph.swift */; };
		C5C1F9CF28211BB300F83E0B /* HikeDetail.swift in Sources */ = {isa = PBXBuildFile; fileRef = C5C1F9CB28211BB300F83E0B /* HikeDetail.swift */; };
		C5C1F9D028211BB300F83E0B /* HikeView.swift in Sources */ = {isa = PBXBuildFile; fileRef = C5C1F9CC28211BB300F83E0B /* HikeView.swift */; };
		C5C1F9D228211E8C00F83E0B /* AnimationExtension.swift in Sources */ = {isa = PBXBuildFile; fileRef = C5C1F9D128211E8C00F83E0B /* AnimationExtension.swift */; };
		C5C1F9D42821208500F83E0B /* AnyTransitionExtension.swift in Sources */ = {isa = PBXBuildFile; fileRef = C5C1F9D32821208500F83E0B /* AnyTransitionExtension.swift */; };
/* End PBXBuildFile section */

/* Begin PBXFileReference section */
		C50496F22821133000B7CDA5 /* hikeData.json */ = {isa = PBXFileReference; fileEncoding = 4; lastKnownFileType = text.json; path = hikeData.json; sourceTree = "<group>"; };
		C50496F42821158B00B7CDA5 /* Hike.swift */ = {isa = PBXFileReference; lastKnownFileType = sourcecode.swift; path = Hike.swift; sourceTree = "<group>"; };
		C53F14EC281BE57E00DA7F07 /* Landmarks.app */ = {isa = PBXFileReference; explicitFileType = wrapper.application; includeInIndex = 0; path = Landmarks.app; sourceTree = BUILT_PRODUCTS_DIR; };
		C53F14EF281BE57E00DA7F07 /* LandmarksApp.swift */ = {isa = PBXFileReference; lastKnownFileType = sourcecode.swift; path = LandmarksApp.swift; sourceTree = "<group>"; };
		C53F14F1281BE57E00DA7F07 /* ContentView.swift */ = {isa = PBXFileReference; lastKnownFileType = sourcecode.swift; path = ContentView.swift; sourceTree = "<group>"; };
		C53F14F3281BE57F00DA7F07 /* Assets.xcassets */ = {isa = PBXFileReference; lastKnownFileType = folder.assetcatalog; path = Assets.xcassets; sourceTree = "<group>"; };
		C53F14F6281BE57F00DA7F07 /* Preview Assets.xcassets */ = {isa = PBXFileReference; lastKnownFileType = folder.assetcatalog; path = "Preview Assets.xcassets"; sourceTree = "<group>"; };
		C53F14FE281BEAF400DA7F07 /* CircleImage.swift */ = {isa = PBXFileReference; lastKnownFileType = sourcecode.swift; path = CircleImage.swift; sourceTree = "<group>"; };
		C53F1500281BEE5D00DA7F07 /* MapView.swift */ = {isa = PBXFileReference; lastKnownFileType = sourcecode.swift; path = MapView.swift; sourceTree = "<group>"; };
		C53F1504281C4B8100DA7F07 /* landmarkData.json */ = {isa = PBXFileReference; fileEncoding = 4; lastKnownFileType = text.json; path = landmarkData.json; sourceTree = "<group>"; };
		C53F1506281C4BC900DA7F07 /* Landmark.swift */ = {isa = PBXFileReference; lastKnownFileType = sourcecode.swift; path = Landmark.swift; sourceTree = "<group>"; };
		C53F1508281C515600DA7F07 /* ModelData.swift */ = {isa = PBXFileReference; lastKnownFileType = sourcecode.swift; path = ModelData.swift; sourceTree = "<group>"; };
		C53F150B281D131100DA7F07 /* LandmarkRow.swift */ = {isa = PBXFileReference; lastKnownFileType = sourcecode.swift; path = LandmarkRow.swift; sourceTree = "<group>"; };
		C53F150D281D173E00DA7F07 /* LandmarkList.swift */ = {isa = PBXFileReference; lastKnownFileType = sourcecode.swift; path = LandmarkList.swift; sourceTree = "<group>"; };
		C53F150F281D1A5500DA7F07 /* LandmarkDetailView.swift */ = {isa = PBXFileReference; lastKnownFileType = sourcecode.swift; path = LandmarkDetailView.swift; sourceTree = "<group>"; };
		C590A3D52822645400F0D9FC /* CategoryHomeView.swift */ = {isa = PBXFileReference; lastKnownFileType = sourcecode.swift; path = CategoryHomeView.swift; sourceTree = "<group>"; };
		C590A3D72822666700F0D9FC /* Category.swift */ = {isa = PBXFileReference; lastKnownFileType = sourcecode.swift; path = Category.swift; sourceTree = "<group>"; };
		C5AD7563281FCAFD00EBD212 /* BadgeSymbol.swift */ = {isa = PBXFileReference; lastKnownFileType = sourcecode.swift; path = BadgeSymbol.swift; sourceTree = "<group>"; };
		C5AD7565281FCDA600EBD212 /* RotatedBadgeSymbol.swift */ = {isa = PBXFileReference; lastKnownFileType = sourcecode.swift; path = RotatedBadgeSymbol.swift; sourceTree = "<group>"; };
		C5AD7567281FCFC200EBD212 /* Badge.swift */ = {isa = PBXFileReference; lastKnownFileType = sourcecode.swift; path = Badge.swift; sourceTree = "<group>"; };
		C5B0390D281D6A1000796DB5 /* FavoriteButton.swift */ = {isa = PBXFileReference; lastKnownFileType = sourcecode.swift; path = FavoriteButton.swift; sourceTree = "<group>"; };
		C5B03943281E843100796DB5 /* HexagonParameters.swift */ = {isa = PBXFileReference; lastKnownFileType = sourcecode.swift; path = HexagonParameters.swift; sourceTree = "<group>"; };
		C5B03946281E854500796DB5 /* HexagonParameters+Segment.swift */ = {isa = PBXFileReference; lastKnownFileType = sourcecode.swift; path = "HexagonParameters+Segment.swift"; sourceTree = "<group>"; };
		C5B03948281E8CE300796DB5 /* BadgeBackground.swift */ = {isa = PBXFileReference; lastKnownFileType = sourcecode.swift; path = BadgeBackground.swift; sourceTree = "<group>"; };
		C5C1F9C628211A7B00F83E0B /* Hike+Observation.swift */ = {isa = PBXFileReference; lastKnownFileType = sourcecode.swift; path = "Hike+Observation.swift"; sourceTree = "<group>"; };
		C5C1F9C928211BB300F83E0B /* GraphCapsule.swift */ = {isa = PBXFileReference; fileEncoding = 4; lastKnownFileType = sourcecode.swift; path = GraphCapsule.swift; sourceTree = "<group>"; };
		C5C1F9CA28211BB300F83E0B /* HikeGraph.swift */ = {isa = PBXFileReference; fileEncoding = 4; lastKnownFileType = sourcecode.swift; path = HikeGraph.swift; sourceTree = "<group>"; };
		C5C1F9CB28211BB300F83E0B /* HikeDetail.swift */ = {isa = PBXFileReference; fileEncoding = 4; lastKnownFileType = sourcecode.swift; path = HikeDetail.swift; sourceTree = "<group>"; };
		C5C1F9CC28211BB300F83E0B /* HikeView.swift */ = {isa = PBXFileReference; fileEncoding = 4; lastKnownFileType = sourcecode.swift; path = HikeView.swift; sourceTree = "<group>"; };
		C5C1F9D128211E8C00F83E0B /* AnimationExtension.swift */ = {isa = PBXFileReference; lastKnownFileType = sourcecode.swift; path = AnimationExtension.swift; sourceTree = "<group>"; };
		C5C1F9D32821208500F83E0B /* AnyTransitionExtension.swift */ = {isa = PBXFileReference; lastKnownFileType = sourcecode.swift; path = AnyTransitionExtension.swift; sourceTree = "<group>"; };
/* End PBXFileReference section */

/* Begin PBXFrameworksBuildPhase section */
		C53F14E9281BE57E00DA7F07 /* Frameworks */ = {
			isa = PBXFrameworksBuildPhase;
			buildActionMask = 2147483647;
			files = (
			);
			runOnlyForDeploymentPostprocessing = 0;
		};
/* End PBXFrameworksBuildPhase section */

/* Begin PBXGroup section */
		C53F14E3281BE57E00DA7F07 = {
			isa = PBXGroup;
			children = (
				C53F14EE281BE57E00DA7F07 /* Landmarks */,
				C53F14ED281BE57E00DA7F07 /* Products */,
			);
			sourceTree = "<group>";
		};
		C53F14ED281BE57E00DA7F07 /* Products */ = {
			isa = PBXGroup;
			children = (
				C53F14EC281BE57E00DA7F07 /* Landmarks.app */,
			);
			name = Products;
			sourceTree = "<group>";
		};
		C53F14EE281BE57E00DA7F07 /* Landmarks */ = {
			isa = PBXGroup;
			children = (
				C53F14EF281BE57E00DA7F07 /* LandmarksApp.swift */,
				C53F14F3281BE57F00DA7F07 /* Assets.xcassets */,
				C53F14F5281BE57F00DA7F07 /* Preview Content */,
				C53F1502281C4B4900DA7F07 /* Resources */,
				C53F1503281C4B5200DA7F07 /* Model */,
				C53F14FD281BEAD200DA7F07 /* View */,
			);
			path = Landmarks;
			sourceTree = "<group>";
		};
		C53F14F5281BE57F00DA7F07 /* Preview Content */ = {
			isa = PBXGroup;
			children = (
				C53F14F6281BE57F00DA7F07 /* Preview Assets.xcassets */,
			);
			path = "Preview Content";
			sourceTree = "<group>";
		};
		C53F14FD281BEAD200DA7F07 /* View */ = {
			isa = PBXGroup;
			children = (
				C590A3D52822645400F0D9FC /* CategoryHomeView.swift */,
				C53F14F1281BE57E00DA7F07 /* ContentView.swift */,
				C590A3D42822631000F0D9FC /* Landmarks */,
				C5AD7569281FD1A400EBD212 /* Badges */,
				C5C1F9C828211BB300F83E0B /* Hikes */,
				C53F150A281D127E00DA7F07 /* Helpers */,
			);
			path = View;
			sourceTree = "<group>";
		};
		C53F1502281C4B4900DA7F07 /* Resources */ = {
			isa = PBXGroup;
			children = (
				C53F1504281C4B8100DA7F07 /* landmarkData.json */,
				C50496F22821133000B7CDA5 /* hikeData.json */,
			);
			path = Resources;
			sourceTree = "<group>";
		};
		C53F1503281C4B5200DA7F07 /* Model */ = {
			isa = PBXGroup;
			children = (
				C5B03945281E852200796DB5 /* Extension */,
				C50496F42821158B00B7CDA5 /* Hike.swift */,
				C53F1506281C4BC900DA7F07 /* Landmark.swift */,
				C53F1508281C515600DA7F07 /* ModelData.swift */,
				C590A3D72822666700F0D9FC /* Category.swift */,
			);
			path = Model;
			sourceTree = "<group>";
		};
		C53F150A281D127E00DA7F07 /* Helpers */ = {
			isa = PBXGroup;
			children = (
				C53F14FE281BEAF400DA7F07 /* CircleImage.swift */,
				C5B0390D281D6A1000796DB5 /* FavoriteButton.swift */,
				C53F1500281BEE5D00DA7F07 /* MapView.swift */,
			);
			path = Helpers;
			sourceTree = "<group>";
		};
		C590A3D42822631000F0D9FC /* Landmarks */ = {
			isa = PBXGroup;
			children = (
				C53F150F281D1A5500DA7F07 /* LandmarkDetailView.swift */,
				C53F150D281D173E00DA7F07 /* LandmarkList.swift */,
				C53F150B281D131100DA7F07 /* LandmarkRow.swift */,
			);
			path = Landmarks;
			sourceTree = "<group>";
		};
		C5AD7569281FD1A400EBD212 /* Badges */ = {
			isa = PBXGroup;
			children = (
				C5AD7567281FCFC200EBD212 /* Badge.swift */,
				C5B03948281E8CE300796DB5 /* BadgeBackground.swift */,
				C5AD7563281FCAFD00EBD212 /* BadgeSymbol.swift */,
				C5B03943281E843100796DB5 /* HexagonParameters.swift */,
				C5B03946281E854500796DB5 /* HexagonParameters+Segment.swift */,
				C5AD7565281FCDA600EBD212 /* RotatedBadgeSymbol.swift */,
			);
			path = Badges;
			sourceTree = "<group>";
		};
		C5B03945281E852200796DB5 /* Extension */ = {
			isa = PBXGroup;
			children = (
				C5C1F9D128211E8C00F83E0B /* AnimationExtension.swift */,
				C5C1F9D32821208500F83E0B /* AnyTransitionExtension.swift */,
				C5C1F9C628211A7B00F83E0B /* Hike+Observation.swift */,
			);
			path = Extension;
			sourceTree = "<group>";
		};
		C5C1F9C828211BB300F83E0B /* Hikes */ = {
			isa = PBXGroup;
			children = (
				C5C1F9C928211BB300F83E0B /* GraphCapsule.swift */,
				C5C1F9CA28211BB300F83E0B /* HikeGraph.swift */,
				C5C1F9CB28211BB300F83E0B /* HikeDetail.swift */,
				C5C1F9CC28211BB300F83E0B /* HikeView.swift */,
			);
			path = Hikes;
			sourceTree = "<group>";
		};
/* End PBXGroup section */

/* Begin PBXNativeTarget section */
		C53F14EB281BE57E00DA7F07 /* Landmarks */ = {
			isa = PBXNativeTarget;
			buildConfigurationList = C53F14FA281BE57F00DA7F07 /* Build configuration list for PBXNativeTarget "Landmarks" */;
			buildPhases = (
				C53F14E8281BE57E00DA7F07 /* Sources */,
				C53F14E9281BE57E00DA7F07 /* Frameworks */,
				C53F14EA281BE57E00DA7F07 /* Resources */,
			);
			buildRules = (
			);
			dependencies = (
			);
			name = Landmarks;
			productName = Landmarks;
			productReference = C53F14EC281BE57E00DA7F07 /* Landmarks.app */;
			productType = "com.apple.product-type.application";
		};
/* End PBXNativeTarget section */

/* Begin PBXProject section */
		C53F14E4281BE57E00DA7F07 /* Project object */ = {
			isa = PBXProject;
			attributes = {
				BuildIndependentTargetsInParallel = 1;
				LastSwiftUpdateCheck = 1330;
				LastUpgradeCheck = 1330;
				TargetAttributes = {
					C53F14EB281BE57E00DA7F07 = {
						CreatedOnToolsVersion = 13.3.1;
					};
				};
			};
			buildConfigurationList = C53F14E7281BE57E00DA7F07 /* Build configuration list for PBXProject "Landmarks" */;
			compatibilityVersion = "Xcode 13.0";
			developmentRegion = en;
			hasScannedForEncodings = 0;
			knownRegions = (
				en,
				Base,
			);
			mainGroup = C53F14E3281BE57E00DA7F07;
			productRefGroup = C53F14ED281BE57E00DA7F07 /* Products */;
			projectDirPath = "";
			projectRoot = "";
			targets = (
				C53F14EB281BE57E00DA7F07 /* Landmarks */,
			);
		};
/* End PBXProject section */

/* Begin PBXResourcesBuildPhase section */
		C53F14EA281BE57E00DA7F07 /* Resources */ = {
			isa = PBXResourcesBuildPhase;
			buildActionMask = 2147483647;
			files = (
				C50496F32821133000B7CDA5 /* hikeData.json in Resources */,
				C53F14F7281BE57F00DA7F07 /* Preview Assets.xcassets in Resources */,
				C53F14F4281BE57F00DA7F07 /* Assets.xcassets in Resources */,
				C53F1505281C4B8100DA7F07 /* landmarkData.json in Resources */,
			);
			runOnlyForDeploymentPostprocessing = 0;
		};
/* End PBXResourcesBuildPhase section */

/* Begin PBXSourcesBuildPhase section */
		C53F14E8281BE57E00DA7F07 /* Sources */ = {
			isa = PBXSourcesBuildPhase;
			buildActionMask = 2147483647;
			files = (
				C50496F52821158B00B7CDA5 /* Hike.swift in Sources */,
				C53F14F2281BE57E00DA7F07 /* ContentView.swift in Sources */,
				C53F1501281BEE5D00DA7F07 /* MapView.swift in Sources */,
				C53F14F0281BE57E00DA7F07 /* LandmarksApp.swift in Sources */,
				C5B0390E281D6A1000796DB5 /* FavoriteButton.swift in Sources */,
				C590A3D62822645400F0D9FC /* CategoryHomeView.swift in Sources */,
				C5B03944281E843100796DB5 /* HexagonParameters.swift in Sources */,
				C53F150E281D173E00DA7F07 /* LandmarkList.swift in Sources */,
				C53F1510281D1A5500DA7F07 /* LandmarkDetailView.swift in Sources */,
				C590A3D82822666700F0D9FC /* Category.swift in Sources */,
				C5AD7564281FCAFD00EBD212 /* BadgeSymbol.swift in Sources */,
				C5AD7566281FCDA600EBD212 /* RotatedBadgeSymbol.swift in Sources */,
				C5AD7568281FCFC200EBD212 /* Badge.swift in Sources */,
				C5C1F9CF28211BB300F83E0B /* HikeDetail.swift in Sources */,
				C5C1F9C728211A7B00F83E0B /* Hike+Observation.swift in Sources */,
				C5C1F9D028211BB300F83E0B /* HikeView.swift in Sources */,
				C53F14FF281BEAF400DA7F07 /* CircleImage.swift in Sources */,
				C5C1F9D42821208500F83E0B /* AnyTransitionExtension.swift in Sources */,
				C5C1F9CE28211BB300F83E0B /* HikeGraph.swift in Sources */,
				C5B03949281E8CE300796DB5 /* BadgeBackground.swift in Sources */,
				C5C1F9D228211E8C00F83E0B /* AnimationExtension.swift in Sources */,
				C53F1507281C4BC900DA7F07 /* Landmark.swift in Sources */,
				C53F150C281D131100DA7F07 /* LandmarkRow.swift in Sources */,
				C5B03947281E854500796DB5 /* HexagonParameters+Segment.swift in Sources */,
				C5C1F9CD28211BB300F83E0B /* GraphCapsule.swift in Sources */,
				C53F1509281C515600DA7F07 /* ModelData.swift in Sources */,
			);
			runOnlyForDeploymentPostprocessing = 0;
		};
/* End PBXSourcesBuildPhase section */

/* Begin XCBuildConfiguration section */
		C53F14F8281BE57F00DA7F07 /* Debug */ = {
			isa = XCBuildConfiguration;
			buildSettings = {
				ALWAYS_SEARCH_USER_PATHS = NO;
				CLANG_ANALYZER_NONNULL = YES;
				CLANG_ANALYZER_NUMBER_OBJECT_CONVERSION = YES_AGGRESSIVE;
				CLANG_CXX_LANGUAGE_STANDARD = "gnu++17";
				CLANG_ENABLE_MODULES = YES;
				CLANG_ENABLE_OBJC_ARC = YES;
				CLANG_ENABLE_OBJC_WEAK = YES;
				CLANG_WARN_BLOCK_CAPTURE_AUTORELEASING = YES;
				CLANG_WARN_BOOL_CONVERSION = YES;
				CLANG_WARN_COMMA = YES;
				CLANG_WARN_CONSTANT_CONVERSION = YES;
				CLANG_WARN_DEPRECATED_OBJC_IMPLEMENTATIONS = YES;
				CLANG_WARN_DIRECT_OBJC_ISA_USAGE = YES_ERROR;
				CLANG_WARN_DOCUMENTATION_COMMENTS = YES;
				CLANG_WARN_EMPTY_BODY = YES;
				CLANG_WARN_ENUM_CONVERSION = YES;
				CLANG_WARN_INFINITE_RECURSION = YES;
				CLANG_WARN_INT_CONVERSION = YES;
				CLANG_WARN_NON_LITERAL_NULL_CONVERSION = YES;
				CLANG_WARN_OBJC_IMPLICIT_RETAIN_SELF = YES;
				CLANG_WARN_OBJC_LITERAL_CONVERSION = YES;
				CLANG_WARN_OBJC_ROOT_CLASS = YES_ERROR;
				CLANG_WARN_QUOTED_INCLUDE_IN_FRAMEWORK_HEADER = YES;
				CLANG_WARN_RANGE_LOOP_ANALYSIS = YES;
				CLANG_WARN_STRICT_PROTOTYPES = YES;
				CLANG_WARN_SUSPICIOUS_MOVE = YES;
				CLANG_WARN_UNGUARDED_AVAILABILITY = YES_AGGRESSIVE;
				CLANG_WARN_UNREACHABLE_CODE = YES;
				CLANG_WARN__DUPLICATE_METHOD_MATCH = YES;
				COPY_PHASE_STRIP = NO;
				DEBUG_INFORMATION_FORMAT = dwarf;
				ENABLE_STRICT_OBJC_MSGSEND = YES;
				ENABLE_TESTABILITY = YES;
				GCC_C_LANGUAGE_STANDARD = gnu11;
				GCC_DYNAMIC_NO_PIC = NO;
				GCC_NO_COMMON_BLOCKS = YES;
				GCC_OPTIMIZATION_LEVEL = 0;
				GCC_PREPROCESSOR_DEFINITIONS = (
					"DEBUG=1",
					"$(inherited)",
				);
				GCC_WARN_64_TO_32_BIT_CONVERSION = YES;
				GCC_WARN_ABOUT_RETURN_TYPE = YES_ERROR;
				GCC_WARN_UNDECLARED_SELECTOR = YES;
				GCC_WARN_UNINITIALIZED_AUTOS = YES_AGGRESSIVE;
				GCC_WARN_UNUSED_FUNCTION = YES;
				GCC_WARN_UNUSED_VARIABLE = YES;
				IPHONEOS_DEPLOYMENT_TARGET = 15.4;
				MTL_ENABLE_DEBUG_INFO = INCLUDE_SOURCE;
				MTL_FAST_MATH = YES;
				ONLY_ACTIVE_ARCH = YES;
				SDKROOT = iphoneos;
				SWIFT_ACTIVE_COMPILATION_CONDITIONS = DEBUG;
				SWIFT_OPTIMIZATION_LEVEL = "-Onone";
			};
			name = Debug;
		};
		C53F14F9281BE57F00DA7F07 /* Release */ = {
			isa = XCBuildConfiguration;
			buildSettings = {
				ALWAYS_SEARCH_USER_PATHS = NO;
				CLANG_ANALYZER_NONNULL = YES;
				CLANG_ANALYZER_NUMBER_OBJECT_CONVERSION = YES_AGGRESSIVE;
				CLANG_CXX_LANGUAGE_STANDARD = "gnu++17";
				CLANG_ENABLE_MODULES = YES;
				CLANG_ENABLE_OBJC_ARC = YES;
				CLANG_ENABLE_OBJC_WEAK = YES;
				CLANG_WARN_BLOCK_CAPTURE_AUTORELEASING = YES;
				CLANG_WARN_BOOL_CONVERSION = YES;
				CLANG_WARN_COMMA = YES;
				CLANG_WARN_CONSTANT_CONVERSION = YES;
				CLANG_WARN_DEPRECATED_OBJC_IMPLEMENTATIONS = YES;
				CLANG_WARN_DIRECT_OBJC_ISA_USAGE = YES_ERROR;
				CLANG_WARN_DOCUMENTATION_COMMENTS = YES;
				CLANG_WARN_EMPTY_BODY = YES;
				CLANG_WARN_ENUM_CONVERSION = YES;
				CLANG_WARN_INFINITE_RECURSION = YES;
				CLANG_WARN_INT_CONVERSION = YES;
				CLANG_WARN_NON_LITERAL_NULL_CONVERSION = YES;
				CLANG_WARN_OBJC_IMPLICIT_RETAIN_SELF = YES;
				CLANG_WARN_OBJC_LITERAL_CONVERSION = YES;
				CLANG_WARN_OBJC_ROOT_CLASS = YES_ERROR;
				CLANG_WARN_QUOTED_INCLUDE_IN_FRAMEWORK_HEADER = YES;
				CLANG_WARN_RANGE_LOOP_ANALYSIS = YES;
				CLANG_WARN_STRICT_PROTOTYPES = YES;
				CLANG_WARN_SUSPICIOUS_MOVE = YES;
				CLANG_WARN_UNGUARDED_AVAILABILITY = YES_AGGRESSIVE;
				CLANG_WARN_UNREACHABLE_CODE = YES;
				CLANG_WARN__DUPLICATE_METHOD_MATCH = YES;
				COPY_PHASE_STRIP = NO;
				DEBUG_INFORMATION_FORMAT = "dwarf-with-dsym";
				ENABLE_NS_ASSERTIONS = NO;
				ENABLE_STRICT_OBJC_MSGSEND = YES;
				GCC_C_LANGUAGE_STANDARD = gnu11;
				GCC_NO_COMMON_BLOCKS = YES;
				GCC_WARN_64_TO_32_BIT_CONVERSION = YES;
				GCC_WARN_ABOUT_RETURN_TYPE = YES_ERROR;
				GCC_WARN_UNDECLARED_SELECTOR = YES;
				GCC_WARN_UNINITIALIZED_AUTOS = YES_AGGRESSIVE;
				GCC_WARN_UNUSED_FUNCTION = YES;
				GCC_WARN_UNUSED_VARIABLE = YES;
				IPHONEOS_DEPLOYMENT_TARGET = 15.4;
				MTL_ENABLE_DEBUG_INFO = NO;
				MTL_FAST_MATH = YES;
				SDKROOT = iphoneos;
				SWIFT_COMPILATION_MODE = wholemodule;
				SWIFT_OPTIMIZATION_LEVEL = "-O";
				VALIDATE_PRODUCT = YES;
			};
			name = Release;
		};
		C53F14FB281BE57F00DA7F07 /* Debug */ = {
			isa = XCBuildConfiguration;
			buildSettings = {
				ASSETCATALOG_COMPILER_APPICON_NAME = AppIcon;
				ASSETCATALOG_COMPILER_GLOBAL_ACCENT_COLOR_NAME = AccentColor;
				CODE_SIGN_STYLE = Automatic;
				CURRENT_PROJECT_VERSION = 1;
				DEVELOPMENT_ASSET_PATHS = "\"Landmarks/Preview Content\"";
				DEVELOPMENT_TEAM = PKTBX2CYQK;
				ENABLE_PREVIEWS = YES;
				GENERATE_INFOPLIST_FILE = YES;
				INFOPLIST_KEY_UIApplicationSceneManifest_Generation = YES;
				INFOPLIST_KEY_UIApplicationSupportsIndirectInputEvents = YES;
				INFOPLIST_KEY_UILaunchScreen_Generation = YES;
				INFOPLIST_KEY_UISupportedInterfaceOrientations_iPad = "UIInterfaceOrientationPortrait UIInterfaceOrientationPortraitUpsideDown UIInterfaceOrientationLandscapeLeft UIInterfaceOrientationLandscapeRight";
				INFOPLIST_KEY_UISupportedInterfaceOrientations_iPhone = "UIInterfaceOrientationPortrait UIInterfaceOrientationLandscapeLeft UIInterfaceOrientationLandscapeRight";
				LD_RUNPATH_SEARCH_PATHS = (
					"$(inherited)",
					"@executable_path/Frameworks",
				);
				MARKETING_VERSION = 1.0;
				PRODUCT_BUNDLE_IDENTIFIER = nicefiction.Landmarks;
				PRODUCT_NAME = "$(TARGET_NAME)";
				SWIFT_EMIT_LOC_STRINGS = YES;
				SWIFT_VERSION = 5.0;
				TARGETED_DEVICE_FAMILY = "1,2";
			};
			name = Debug;
		};
		C53F14FC281BE57F00DA7F07 /* Release */ = {
			isa = XCBuildConfiguration;
			buildSettings = {
				ASSETCATALOG_COMPILER_APPICON_NAME = AppIcon;
				ASSETCATALOG_COMPILER_GLOBAL_ACCENT_COLOR_NAME = AccentColor;
				CODE_SIGN_STYLE = Automatic;
				CURRENT_PROJECT_VERSION = 1;
				DEVELOPMENT_ASSET_PATHS = "\"Landmarks/Preview Content\"";
				DEVELOPMENT_TEAM = PKTBX2CYQK;
				ENABLE_PREVIEWS = YES;
				GENERATE_INFOPLIST_FILE = YES;
				INFOPLIST_KEY_UIApplicationSceneManifest_Generation = YES;
				INFOPLIST_KEY_UIApplicationSupportsIndirectInputEvents = YES;
				INFOPLIST_KEY_UILaunchScreen_Generation = YES;
				INFOPLIST_KEY_UISupportedInterfaceOrientations_iPad = "UIInterfaceOrientationPortrait UIInterfaceOrientationPortraitUpsideDown UIInterfaceOrientationLandscapeLeft UIInterfaceOrientationLandscapeRight";
				INFOPLIST_KEY_UISupportedInterfaceOrientations_iPhone = "UIInterfaceOrientationPortrait UIInterfaceOrientationLandscapeLeft UIInterfaceOrientationLandscapeRight";
				LD_RUNPATH_SEARCH_PATHS = (
					"$(inherited)",
					"@executable_path/Frameworks",
				);
				MARKETING_VERSION = 1.0;
				PRODUCT_BUNDLE_IDENTIFIER = nicefiction.Landmarks;
				PRODUCT_NAME = "$(TARGET_NAME)";
				SWIFT_EMIT_LOC_STRINGS = YES;
				SWIFT_VERSION = 5.0;
				TARGETED_DEVICE_FAMILY = "1,2";
			};
			name = Release;
		};
/* End XCBuildConfiguration section */

/* Begin XCConfigurationList section */
		C53F14E7281BE57E00DA7F07 /* Build configuration list for PBXProject "Landmarks" */ = {
			isa = XCConfigurationList;
			buildConfigurations = (
				C53F14F8281BE57F00DA7F07 /* Debug */,
				C53F14F9281BE57F00DA7F07 /* Release */,
			);
			defaultConfigurationIsVisible = 0;
			defaultConfigurationName = Release;
		};
		C53F14FA281BE57F00DA7F07 /* Build configuration list for PBXNativeTarget "Landmarks" */ = {
			isa = XCConfigurationList;
			buildConfigurations = (
				C53F14FB281BE57F00DA7F07 /* Debug */,
				C53F14FC281BE57F00DA7F07 /* Release */,
			);
			defaultConfigurationIsVisible = 0;
			defaultConfigurationName = Release;
		};
/* End XCConfigurationList section */
	};
	rootObject = C53F14E4281BE57E00DA7F07 /* Project object */;
}
